// !$*UTF8*$!
{
	archiveVersion = 1;
	classes = {
	};
	objectVersion = 50;
	objects = {

/* Begin PBXBuildFile section */
		75C9C79E210D6D7A00B02E84 /* AppDelegate.swift in Sources */ = {isa = PBXBuildFile; fileRef = 75C9C79D210D6D7A00B02E84 /* AppDelegate.swift */; };
		75C9C7A0210D6D7A00B02E84 /* ViewController.swift in Sources */ = {isa = PBXBuildFile; fileRef = 75C9C79F210D6D7A00B02E84 /* ViewController.swift */; };
		75C9C7A3210D6D7A00B02E84 /* Main.storyboard in Resources */ = {isa = PBXBuildFile; fileRef = 75C9C7A1210D6D7A00B02E84 /* Main.storyboard */; };
		75C9C7A5210D6D7C00B02E84 /* Assets.xcassets in Resources */ = {isa = PBXBuildFile; fileRef = 75C9C7A4210D6D7C00B02E84 /* Assets.xcassets */; };
		75C9C7A8210D6D7C00B02E84 /* LaunchScreen.storyboard in Resources */ = {isa = PBXBuildFile; fileRef = 75C9C7A6210D6D7C00B02E84 /* LaunchScreen.storyboard */; };
		75C9C7B0210D6E6C00B02E84 /* QuizView.swift in Sources */ = {isa = PBXBuildFile; fileRef = 75C9C7AF210D6E6C00B02E84 /* QuizView.swift */; };
		75C9C7B2210D6E7D00B02E84 /* QuizView.xib in Resources */ = {isa = PBXBuildFile; fileRef = 75C9C7B1210D6E7D00B02E84 /* QuizView.xib */; };
/* End PBXBuildFile section */

/* Begin PBXFileReference section */
		75C9C79A210D6D7A00B02E84 /* QuizSample.app */ = {isa = PBXFileReference; explicitFileType = wrapper.application; includeInIndex = 0; path = QuizSample.app; sourceTree = BUILT_PRODUCTS_DIR; };
		75C9C79D210D6D7A00B02E84 /* AppDelegate.swift */ = {isa = PBXFileReference; lastKnownFileType = sourcecode.swift; path = AppDelegate.swift; sourceTree = "<group>"; };
		75C9C79F210D6D7A00B02E84 /* ViewController.swift */ = {isa = PBXFileReference; lastKnownFileType = sourcecode.swift; path = ViewController.swift; sourceTree = "<group>"; };
		75C9C7A2210D6D7A00B02E84 /* Base */ = {isa = PBXFileReference; lastKnownFileType = file.storyboard; name = Base; path = Base.lproj/Main.storyboard; sourceTree = "<group>"; };
		75C9C7A4210D6D7C00B02E84 /* Assets.xcassets */ = {isa = PBXFileReference; lastKnownFileType = folder.assetcatalog; path = Assets.xcassets; sourceTree = "<group>"; };
		75C9C7A7210D6D7C00B02E84 /* Base */ = {isa = PBXFileReference; lastKnownFileType = file.storyboard; name = Base; path = Base.lproj/LaunchScreen.storyboard; sourceTree = "<group>"; };
		75C9C7A9210D6D7C00B02E84 /* Info.plist */ = {isa = PBXFileReference; lastKnownFileType = text.plist.xml; path = Info.plist; sourceTree = "<group>"; };
		75C9C7AF210D6E6C00B02E84 /* QuizView.swift */ = {isa = PBXFileReference; lastKnownFileType = sourcecode.swift; path = QuizView.swift; sourceTree = "<group>"; };
		75C9C7B1210D6E7D00B02E84 /* QuizView.xib */ = {isa = PBXFileReference; lastKnownFileType = file.xib; path = QuizView.xib; sourceTree = "<group>"; };
/* End PBXFileReference section */

/* Begin PBXFrameworksBuildPhase section */
		75C9C797210D6D7A00B02E84 /* Frameworks */ = {
			isa = PBXFrameworksBuildPhase;
			buildActionMask = 2147483647;
			files = (
			);
			runOnlyForDeploymentPostprocessing = 0;
		};
/* End PBXFrameworksBuildPhase section */

/* Begin PBXGroup section */
		75C9C791210D6D7A00B02E84 = {
			isa = PBXGroup;
			children = (
				75C9C79C210D6D7A00B02E84 /* QuizSample */,
				75C9C79B210D6D7A00B02E84 /* Products */,
			);
			sourceTree = "<group>";
		};
		75C9C79B210D6D7A00B02E84 /* Products */ = {
			isa = PBXGroup;
			children = (
				75C9C79A210D6D7A00B02E84 /* QuizSample.app */,
			);
			name = Products;
			sourceTree = "<group>";
		};
		75C9C79C210D6D7A00B02E84 /* QuizSample */ = {
			isa = PBXGroup;
			children = (
				75C9C79D210D6D7A00B02E84 /* AppDelegate.swift */,
				75C9C79F210D6D7A00B02E84 /* ViewController.swift */,
				75C9C7AF210D6E6C00B02E84 /* QuizView.swift */,
				75C9C7B1210D6E7D00B02E84 /* QuizView.xib */,
				75C9C7A1210D6D7A00B02E84 /* Main.storyboard */,
				75C9C7A4210D6D7C00B02E84 /* Assets.xcassets */,
				75C9C7A6210D6D7C00B02E84 /* LaunchScreen.storyboard */,
				75C9C7A9210D6D7C00B02E84 /* Info.plist */,
			);
			path = QuizSample;
			sourceTree = "<group>";
		};
/* End PBXGroup section */

/* Begin PBXNativeTarget section */
		75C9C799210D6D7A00B02E84 /* QuizSample */ = {
			isa = PBXNativeTarget;
			buildConfigurationList = 75C9C7AC210D6D7C00B02E84 /* Build configuration list for PBXNativeTarget "QuizSample" */;
			buildPhases = (
				75C9C796210D6D7A00B02E84 /* Sources */,
				75C9C797210D6D7A00B02E84 /* Frameworks */,
				75C9C798210D6D7A00B02E84 /* Resources */,
			);
			buildRules = (
			);
			dependencies = (
			);
			name = QuizSample;
			productName = QuizSample;
			productReference = 75C9C79A210D6D7A00B02E84 /* QuizSample.app */;
			productType = "com.apple.product-type.application";
		};
/* End PBXNativeTarget section */

/* Begin PBXProject section */
		75C9C792210D6D7A00B02E84 /* Project object */ = {
			isa = PBXProject;
			attributes = {
				LastSwiftUpdateCheck = 0940;
				LastUpgradeCheck = 0940;
				ORGANIZATIONNAME = razuma;
				TargetAttributes = {
					75C9C799210D6D7A00B02E84 = {
						CreatedOnToolsVersion = 9.4.1;
					};
				};
			};
			buildConfigurationList = 75C9C795210D6D7A00B02E84 /* Build configuration list for PBXProject "QuizSample" */;
			compatibilityVersion = "Xcode 9.3";
			developmentRegion = en;
			hasScannedForEncodings = 0;
			knownRegions = (
				en,
				Base,
			);
			mainGroup = 75C9C791210D6D7A00B02E84;
			productRefGroup = 75C9C79B210D6D7A00B02E84 /* Products */;
			projectDirPath = "";
			projectRoot = "";
			targets = (
				75C9C799210D6D7A00B02E84 /* QuizSample */,
			);
		};
/* End PBXProject section */

/* Begin PBXResourcesBuildPhase section */
		75C9C798210D6D7A00B02E84 /* Resources */ = {
			isa = PBXResourcesBuildPhase;
			buildActionMask = 2147483647;
			files = (
				75C9C7A8210D6D7C00B02E84 /* LaunchScreen.storyboard in Resources */,
				75C9C7B2210D6E7D00B02E84 /* QuizView.xib in Resources */,
				75C9C7A5210D6D7C00B02E84 /* Assets.xcassets in Resources */,
				75C9C7A3210D6D7A00B02E84 /* Main.storyboard in Resources */,
			);
			runOnlyForDeploymentPostprocessing = 0;
		};
/* End PBXResourcesBuildPhase section */

/* Begin PBXSourcesBuildPhase section */
		75C9C796210D6D7A00B02E84 /* Sources */ = {
			isa = PBXSourcesBuildPhase;
			buildActionMask = 2147483647;
			files = (
				75C9C7A0210D6D7A00B02E84 /* ViewController.swift in Sources */,
				75C9C79E210D6D7A00B02E84 /* AppDelegate.swift in Sources */,
				75C9C7B0210D6E6C00B02E84 /* QuizView.swift in Sources */,
			);
			runOnlyForDeploymentPostprocessing = 0;
		};
/* End PBXSourcesBuildPhase section */

/* Begin PBXVariantGroup section */
		75C9C7A1210D6D7A00B02E84 /* Main.storyboard */ = {
			isa = PBXVariantGroup;
			children = (
				75C9C7A2210D6D7A00B02E84 /* Base */,
			);
			name = Main.storyboard;
			sourceTree = "<group>";
		};
		75C9C7A6210D6D7C00B02E84 /* LaunchScreen.storyboard */ = {
			isa = PBXVariantGroup;
			children = (
				75C9C7A7210D6D7C00B02E84 /* Base */,
			);
			name = LaunchScreen.storyboard;
			sourceTree = "<group>";
		};
/* End PBXVariantGroup section */

/* Begin XCBuildConfiguration section */
		75C9C7AA210D6D7C00B02E84 /* Debug */ = {
			isa = XCBuildConfiguration;
			buildSettings = {
				ALWAYS_SEARCH_USER_PATHS = NO;
				CLANG_ANALYZER_NONNULL = YES;
				CLANG_ANALYZER_NUMBER_OBJECT_CONVERSION = YES_AGGRESSIVE;
				CLANG_CXX_LANGUAGE_STANDARD = "gnu++14";
				CLANG_CXX_LIBRARY = "libc++";
				CLANG_ENABLE_MODULES = YES;
				CLANG_ENABLE_OBJC_ARC = YES;
				CLANG_ENABLE_OBJC_WEAK = YES;
				CLANG_WARN_BLOCK_CAPTURE_AUTORELEASING = YES;
				CLANG_WARN_BOOL_CONVERSION = YES;
				CLANG_WARN_COMMA = YES;
				CLANG_WARN_CONSTANT_CONVERSION = YES;
				CLANG_WARN_DEPRECATED_OBJC_IMPLEMENTATIONS = YES;
				CLANG_WARN_DIRECT_OBJC_ISA_USAGE = YES_ERROR;
				CLANG_WARN_DOCUMENTATION_COMMENTS = YES;
				CLANG_WARN_EMPTY_BODY = YES;
				CLANG_WARN_ENUM_CONVERSION = YES;
				CLANG_WARN_INFINITE_RECURSION = YES;
				CLANG_WARN_INT_CONVERSION = YES;
				CLANG_WARN_NON_LITERAL_NULL_CONVERSION = YES;
				CLANG_WARN_OBJC_IMPLICIT_RETAIN_SELF = YES;
				CLANG_WARN_OBJC_LITERAL_CONVERSION = YES;
				CLANG_WARN_OBJC_ROOT_CLASS = YES_ERROR;
				CLANG_WARN_RANGE_LOOP_ANALYSIS = YES;
				CLANG_WARN_STRICT_PROTOTYPES = YES;
				CLANG_WARN_SUSPICIOUS_MOVE = YES;
				CLANG_WARN_UNGUARDED_AVAILABILITY = YES_AGGRESSIVE;
				CLANG_WARN_UNREACHABLE_CODE = YES;
				CLANG_WARN__DUPLICATE_METHOD_MATCH = YES;
				CODE_SIGN_IDENTITY = "iPhone Developer";
				COPY_PHASE_STRIP = NO;
				DEBUG_INFORMATION_FORMAT = dwarf;
				ENABLE_STRICT_OBJC_MSGSEND = YES;
				ENABLE_TESTABILITY = YES;
				GCC_C_LANGUAGE_STANDARD = gnu11;
				GCC_DYNAMIC_NO_PIC = NO;
				GCC_NO_COMMON_BLOCKS = YES;
				GCC_OPTIMIZATION_LEVEL = 0;
				GCC_PREPROCESSOR_DEFINITIONS = (
					"DEBUG=1",
					"$(inherited)",
				);
				GCC_WARN_64_TO_32_BIT_CONVERSION = YES;
				GCC_WARN_ABOUT_RETURN_TYPE = YES_ERROR;
				GCC_WARN_UNDECLARED_SELECTOR = YES;
				GCC_WARN_UNINITIALIZED_AUTOS = YES_AGGRESSIVE;
				GCC_WARN_UNUSED_FUNCTION = YES;
				GCC_WARN_UNUSED_VARIABLE = YES;
				IPHONEOS_DEPLOYMENT_TARGET = 11.4;
				MTL_ENABLE_DEBUG_INFO = YES;
				ONLY_ACTIVE_ARCH = YES;
				SDKROOT = iphoneos;
				SWIFT_ACTIVE_COMPILATION_CONDITIONS = DEBUG;
				SWIFT_OPTIMIZATION_LEVEL = "-Onone";
			};
			name = Debug;
		};
		75C9C7AB210D6D7C00B02E84 /* Release */ = {
			isa = XCBuildConfiguration;
			buildSettings = {
				ALWAYS_SEARCH_USER_PATHS = NO;
				CLANG_ANALYZER_NONNULL = YES;
				CLANG_ANALYZER_NUMBER_OBJECT_CONVERSION = YES_AGGRESSIVE;
				CLANG_CXX_LANGUAGE_STANDARD = "gnu++14";
				CLANG_CXX_LIBRARY = "libc++";
				CLANG_ENABLE_MODULES = YES;
				CLANG_ENABLE_OBJC_ARC = YES;
				CLANG_ENABLE_OBJC_WEAK = YES;
				CLANG_WARN_BLOCK_CAPTURE_AUTORELEASING = YES;
				CLANG_WARN_BOOL_CONVERSION = YES;
				CLANG_WARN_COMMA = YES;
				CLANG_WARN_CONSTANT_CONVERSION = YES;
				CLANG_WARN_DEPRECATED_OBJC_IMPLEMENTATIONS = YES;
				CLANG_WARN_DIRECT_OBJC_ISA_USAGE = YES_ERROR;
				CLANG_WARN_DOCUMENTATION_COMMENTS = YES;
				CLANG_WARN_EMPTY_BODY = YES;
				CLANG_WARN_ENUM_CONVERSION = YES;
				CLANG_WARN_INFINITE_RECURSION = YES;
				CLANG_WARN_INT_CONVERSION = YES;
				CLANG_WARN_NON_LITERAL_NULL_CONVERSION = YES;
				CLANG_WARN_OBJC_IMPLICIT_RETAIN_SELF = YES;
				CLANG_WARN_OBJC_LITERAL_CONVERSION = YES;
				CLANG_WARN_OBJC_ROOT_CLASS = YES_ERROR;
				CLANG_WARN_RANGE_LOOP_ANALYSIS = YES;
				CLANG_WARN_STRICT_PROTOTYPES = YES;
				CLANG_WARN_SUSPICIOUS_MOVE = YES;
				CLANG_WARN_UNGUARDED_AVAILABILITY = YES_AGGRESSIVE;
				CLANG_WARN_UNREACHABLE_CODE = YES;
				CLANG_WARN__DUPLICATE_METHOD_MATCH = YES;
				CODE_SIGN_IDENTITY = "iPhone Developer";
				COPY_PHASE_STRIP = NO;
				DEBUG_INFORMATION_FORMAT = "dwarf-with-dsym";
				ENABLE_NS_ASSERTIONS = NO;
				ENABLE_STRICT_OBJC_MSGSEND = YES;
				GCC_C_LANGUAGE_STANDARD = gnu11;
				GCC_NO_COMMON_BLOCKS = YES;
				GCC_WARN_64_TO_32_BIT_CONVERSION = YES;
				GCC_WARN_ABOUT_RETURN_TYPE = YES_ERROR;
				GCC_WARN_UNDECLARED_SELECTOR = YES;
				GCC_WARN_UNINITIALIZED_AUTOS = YES_AGGRESSIVE;
				GCC_WARN_UNUSED_FUNCTION = YES;
				GCC_WARN_UNUSED_VARIABLE = YES;
				IPHONEOS_DEPLOYMENT_TARGET = 11.4;
				MTL_ENABLE_DEBUG_INFO = NO;
				SDKROOT = iphoneos;
				SWIFT_COMPILATION_MODE = wholemodule;
				SWIFT_OPTIMIZATION_LEVEL = "-O";
				VALIDATE_PRODUCT = YES;
			};
			name = Release;
		};
		75C9C7AD210D6D7C00B02E84 /* Debug */ = {
			isa = XCBuildConfiguration;
			buildSettings = {
				ASSETCATALOG_COMPILER_APPICON_NAME = AppIcon;
				CODE_SIGN_STYLE = Automatic;
				DEVELOPMENT_TEAM = UFJWZRTXF8;
				INFOPLIST_FILE = QuizSample/Info.plist;
				LD_RUNPATH_SEARCH_PATHS = (
					"$(inherited)",
					"@executable_path/Frameworks",
				);
				PRODUCT_BUNDLE_IDENTIFIER = jp.co.razuma.QuizSample;
				PRODUCT_NAME = "$(TARGET_NAME)";
				SWIFT_VERSION = 4.0;
				TARGETED_DEVICE_FAMILY = "1,2";
			};
			name = Debug;
		};
		75C9C7AE210D6D7C00B02E84 /* Release */ = {
			isa = XCBuildConfiguration;
			buildSettings = {
				ASSETCATALOG_COMPILER_APPICON_NAME = AppIcon;
				CODE_SIGN_STYLE = Automatic;
				DEVELOPMENT_TEAM = UFJWZRTXF8;
				INFOPLIST_FILE = QuizSample/Info.plist;
				LD_RUNPATH_SEARCH_PATHS = (
					"$(inherited)",
					"@executable_path/Frameworks",
				);
				PRODUCT_BUNDLE_IDENTIFIER = jp.co.razuma.QuizSample;
				PRODUCT_NAME = "$(TARGET_NAME)";
				SWIFT_VERSION = 4.0;
				TARGETED_DEVICE_FAMILY = "1,2";
			};
			name = Release;
		};
/* End XCBuildConfiguration section */

/* Begin XCConfigurationList section */
		75C9C795210D6D7A00B02E84 /* Build configuration list for PBXProject "QuizSample" */ = {
			isa = XCConfigurationList;
			buildConfigurations = (
				75C9C7AA210D6D7C00B02E84 /* Debug */,
				75C9C7AB210D6D7C00B02E84 /* Release */,
			);
			defaultConfigurationIsVisible = 0;
			defaultConfigurationName = Release;
		};
		75C9C7AC210D6D7C00B02E84 /* Build configuration list for PBXNativeTarget "QuizSample" */ = {
			isa = XCConfigurationList;
			buildConfigurations = (
				75C9C7AD210D6D7C00B02E84 /* Debug */,
				75C9C7AE210D6D7C00B02E84 /* Release */,
			);
			defaultConfigurationIsVisible = 0;
			defaultConfigurationName = Release;
		};
/* End XCConfigurationList section */
	};
	rootObject = 75C9C792210D6D7A00B02E84 /* Project object */;
}
